// !$*UTF8*$!
{
	archiveVersion = 1;
	classes = {
	};
	objectVersion = 52;
	objects = {

/* Begin PBXBuildFile section */
		D72EA9B428341BAF00193E0D /* AppDelegate.swift in Sources */ = {isa = PBXBuildFile; fileRef = D72EA9B328341BAF00193E0D /* AppDelegate.swift */; };
		D72EA9BE28341BAF00193E0D /* Photos.xcdatamodeld in Sources */ = {isa = PBXBuildFile; fileRef = D72EA9BC28341BAF00193E0D /* Photos.xcdatamodeld */; };
		D72EA9C028341BB100193E0D /* Assets.xcassets in Resources */ = {isa = PBXBuildFile; fileRef = D72EA9BF28341BB100193E0D /* Assets.xcassets */; };
		D72EA9C328341BB100193E0D /* LaunchScreen.storyboard in Resources */ = {isa = PBXBuildFile; fileRef = D72EA9C128341BB100193E0D /* LaunchScreen.storyboard */; };
		D72EA9CE28341BB200193E0D /* Photos_ChallengeTests.swift in Sources */ = {isa = PBXBuildFile; fileRef = D72EA9CD28341BB200193E0D /* Photos_ChallengeTests.swift */; };
		D72EA9D928341BB200193E0D /* Photos_ChallengeUITests.swift in Sources */ = {isa = PBXBuildFile; fileRef = D72EA9D828341BB200193E0D /* Photos_ChallengeUITests.swift */; };
		D72EA9FC28341E9000193E0D /* Cairo-Regular.ttf in Resources */ = {isa = PBXBuildFile; fileRef = D72EA9F828341E9000193E0D /* Cairo-Regular.ttf */; };
		D72EA9FD28341E9000193E0D /* Cairo-Light.ttf in Resources */ = {isa = PBXBuildFile; fileRef = D72EA9F928341E9000193E0D /* Cairo-Light.ttf */; };
		D72EA9FE28341E9000193E0D /* Cairo-Bold.ttf in Resources */ = {isa = PBXBuildFile; fileRef = D72EA9FA28341E9000193E0D /* Cairo-Bold.ttf */; };
		D72EA9FF28341E9000193E0D /* Cairo-SemiBold.ttf in Resources */ = {isa = PBXBuildFile; fileRef = D72EA9FB28341E9000193E0D /* Cairo-SemiBold.ttf */; };
		D72EAA0A28341F1900193E0D /* HomeDataSource.swift in Sources */ = {isa = PBXBuildFile; fileRef = D72EAA0928341F1900193E0D /* HomeDataSource.swift */; };
		D72EAA1028341F7E00193E0D /* RxSwift in Frameworks */ = {isa = PBXBuildFile; productRef = D72EAA0F28341F7E00193E0D /* RxSwift */; };
		D72EAA1228341F7E00193E0D /* RxCocoa in Frameworks */ = {isa = PBXBuildFile; productRef = D72EAA1128341F7E00193E0D /* RxCocoa */; };
		D72EAA1428341F7E00193E0D /* RxRelay in Frameworks */ = {isa = PBXBuildFile; productRef = D72EAA1328341F7E00193E0D /* RxRelay */; };
		D72EAA1A28341FD800193E0D /* ImagesModel.swift in Sources */ = {isa = PBXBuildFile; fileRef = D72EAA1928341FD800193E0D /* ImagesModel.swift */; };
		D72EAA2A2834241100193E0D /* HomeRepository.swift in Sources */ = {isa = PBXBuildFile; fileRef = D72EAA292834241100193E0D /* HomeRepository.swift */; };
		D72EAA332834249C00193E0D /* HomeRepositoryImpl.swift in Sources */ = {isa = PBXBuildFile; fileRef = D72EAA322834249C00193E0D /* HomeRepositoryImpl.swift */; };
		D72EAA432834256400193E0D /* HomeUseCase.swift in Sources */ = {isa = PBXBuildFile; fileRef = D72EAA422834256400193E0D /* HomeUseCase.swift */; };
		D72EAA492834261D00193E0D /* HomeViewModel.swift in Sources */ = {isa = PBXBuildFile; fileRef = D72EAA482834261D00193E0D /* HomeViewModel.swift */; };
		D72EAA4E2834267400193E0D /* HomeVC.swift in Sources */ = {isa = PBXBuildFile; fileRef = D72EAA4C2834267400193E0D /* HomeVC.swift */; };
		D72EAA4F2834267400193E0D /* HomeVC.xib in Resources */ = {isa = PBXBuildFile; fileRef = D72EAA4D2834267400193E0D /* HomeVC.xib */; };
		D72EAA572834276B00193E0D /* HomeTableViewCell.swift in Sources */ = {isa = PBXBuildFile; fileRef = D72EAA552834276B00193E0D /* HomeTableViewCell.swift */; };
		D72EAA582834276B00193E0D /* HomeTableViewCell.xib in Resources */ = {isa = PBXBuildFile; fileRef = D72EAA562834276B00193E0D /* HomeTableViewCell.xib */; };
		D72EAA6A28342FB500193E0D /* ImageLoader.swift in Sources */ = {isa = PBXBuildFile; fileRef = D72EAA6928342FB500193E0D /* ImageLoader.swift */; };
		D72EAA6F283430CF00193E0D /* PhotosViewCoordinator.swift in Sources */ = {isa = PBXBuildFile; fileRef = D72EAA6E283430CF00193E0D /* PhotosViewCoordinator.swift */; };
		D72EAA762834310000193E0D /* AppCoordinator.swift in Sources */ = {isa = PBXBuildFile; fileRef = D72EAA752834310000193E0D /* AppCoordinator.swift */; };
		D72EAA7A2834311400193E0D /* BaseVoordinator.swift in Sources */ = {isa = PBXBuildFile; fileRef = D72EAA792834311400193E0D /* BaseVoordinator.swift */; };
		D72EAA7F283431E000193E0D /* Swinject in Frameworks */ = {isa = PBXBuildFile; productRef = D72EAA7E283431E000193E0D /* Swinject */; };
		D72EAA872834321600193E0D /* Container + ViewModel.swift in Sources */ = {isa = PBXBuildFile; fileRef = D72EAA862834321600193E0D /* Container + ViewModel.swift */; };
		D72EAA8D2834322F00193E0D /* RegisterDependencies.swift in Sources */ = {isa = PBXBuildFile; fileRef = D72EAA8C2834322F00193E0D /* RegisterDependencies.swift */; };
		D72EAA922834332C00193E0D /* SwinjectAutoregistration in Frameworks */ = {isa = PBXBuildFile; productRef = D72EAA912834332C00193E0D /* SwinjectAutoregistration */; };
		D72EAAA02835627100193E0D /* CoreDataHelper.swift in Sources */ = {isa = PBXBuildFile; fileRef = D72EAA9F2835627000193E0D /* CoreDataHelper.swift */; };
		D72EAAA62835629A00193E0D /* DatabaseHelperProtocol.swift in Sources */ = {isa = PBXBuildFile; fileRef = D72EAAA52835629A00193E0D /* DatabaseHelperProtocol.swift */; };
		D72EAAAA283562B300193E0D /* DatabaseManagerProtocol.swift in Sources */ = {isa = PBXBuildFile; fileRef = D72EAAA9283562B300193E0D /* DatabaseManagerProtocol.swift */; };
		D72EAAAE283562EC00193E0D /* ItemModel.swift in Sources */ = {isa = PBXBuildFile; fileRef = D72EAAAD283562EC00193E0D /* ItemModel.swift */; };
		D72EAAB22835637C00193E0D /* DataUser.swift in Sources */ = {isa = PBXBuildFile; fileRef = D72EAAB12835637C00193E0D /* DataUser.swift */; };
		D72EAAD1283596EB00193E0D /* GetData.swift in Sources */ = {isa = PBXBuildFile; fileRef = D72EAAD0283596EB00193E0D /* GetData.swift */; };
		D72EAAD528359CB500193E0D /* Reachability.swift in Sources */ = {isa = PBXBuildFile; fileRef = D72EAAD428359CB500193E0D /* Reachability.swift */; };
		D73273422838F6CC00D524BF /* DataProviderProtocol.swift in Sources */ = {isa = PBXBuildFile; fileRef = D73273412838F6CC00D524BF /* DataProviderProtocol.swift */; };
		D73273482838F6E800D524BF /* RequestProtocol.swift in Sources */ = {isa = PBXBuildFile; fileRef = D73273472838F6E800D524BF /* RequestProtocol.swift */; };
		D732734C2838F6FC00D524BF /* SessionManager.swift in Sources */ = {isa = PBXBuildFile; fileRef = D732734B2838F6FC00D524BF /* SessionManager.swift */; };
		D73273672838FBDE00D524BF /* Alamofire in Frameworks */ = {isa = PBXBuildFile; productRef = D73273662838FBDE00D524BF /* Alamofire */; };
		D732736F2839010100D524BF /* DetailsVC.swift in Sources */ = {isa = PBXBuildFile; fileRef = D732736D2839010100D524BF /* DetailsVC.swift */; };
		D73273702839010100D524BF /* DetailsVC.xib in Resources */ = {isa = PBXBuildFile; fileRef = D732736E2839010100D524BF /* DetailsVC.xib */; };
/* End PBXBuildFile section */

/* Begin PBXContainerItemProxy section */
		D72EA9CA28341BB200193E0D /* PBXContainerItemProxy */ = {
			isa = PBXContainerItemProxy;
			containerPortal = D72EA9A828341BAF00193E0D /* Project object */;
			proxyType = 1;
			remoteGlobalIDString = D72EA9AF28341BAF00193E0D;
			remoteInfo = Photos_Challenge;
		};
		D72EA9D528341BB200193E0D /* PBXContainerItemProxy */ = {
			isa = PBXContainerItemProxy;
			containerPortal = D72EA9A828341BAF00193E0D /* Project object */;
			proxyType = 1;
			remoteGlobalIDString = D72EA9AF28341BAF00193E0D;
			remoteInfo = Photos_Challenge;
		};
/* End PBXContainerItemProxy section */

/* Begin PBXFileReference section */
		D72EA9B028341BAF00193E0D /* Photos_Challenge.app */ = {isa = PBXFileReference; explicitFileType = wrapper.application; includeInIndex = 0; path = Photos_Challenge.app; sourceTree = BUILT_PRODUCTS_DIR; };
		D72EA9B328341BAF00193E0D /* AppDelegate.swift */ = {isa = PBXFileReference; lastKnownFileType = sourcecode.swift; path = AppDelegate.swift; sourceTree = "<group>"; };
		D72EA9BD28341BAF00193E0D /* Photos_Challenge.xcdatamodel */ = {isa = PBXFileReference; lastKnownFileType = wrapper.xcdatamodel; path = Photos_Challenge.xcdatamodel; sourceTree = "<group>"; };
		D72EA9BF28341BB100193E0D /* Assets.xcassets */ = {isa = PBXFileReference; lastKnownFileType = folder.assetcatalog; path = Assets.xcassets; sourceTree = "<group>"; };
		D72EA9C228341BB100193E0D /* Base */ = {isa = PBXFileReference; lastKnownFileType = file.storyboard; name = Base; path = Base.lproj/LaunchScreen.storyboard; sourceTree = "<group>"; };
		D72EA9C428341BB100193E0D /* Info.plist */ = {isa = PBXFileReference; lastKnownFileType = text.plist.xml; path = Info.plist; sourceTree = "<group>"; };
		D72EA9C928341BB200193E0D /* Photos_ChallengeTests.xctest */ = {isa = PBXFileReference; explicitFileType = wrapper.cfbundle; includeInIndex = 0; path = Photos_ChallengeTests.xctest; sourceTree = BUILT_PRODUCTS_DIR; };
		D72EA9CD28341BB200193E0D /* Photos_ChallengeTests.swift */ = {isa = PBXFileReference; lastKnownFileType = sourcecode.swift; path = Photos_ChallengeTests.swift; sourceTree = "<group>"; };
		D72EA9CF28341BB200193E0D /* Info.plist */ = {isa = PBXFileReference; lastKnownFileType = text.plist.xml; path = Info.plist; sourceTree = "<group>"; };
		D72EA9D428341BB200193E0D /* Photos_ChallengeUITests.xctest */ = {isa = PBXFileReference; explicitFileType = wrapper.cfbundle; includeInIndex = 0; path = Photos_ChallengeUITests.xctest; sourceTree = BUILT_PRODUCTS_DIR; };
		D72EA9D828341BB200193E0D /* Photos_ChallengeUITests.swift */ = {isa = PBXFileReference; lastKnownFileType = sourcecode.swift; path = Photos_ChallengeUITests.swift; sourceTree = "<group>"; };
		D72EA9DA28341BB200193E0D /* Info.plist */ = {isa = PBXFileReference; lastKnownFileType = text.plist.xml; path = Info.plist; sourceTree = "<group>"; };
		D72EA9F828341E9000193E0D /* Cairo-Regular.ttf */ = {isa = PBXFileReference; lastKnownFileType = file; path = "Cairo-Regular.ttf"; sourceTree = "<group>"; };
		D72EA9F928341E9000193E0D /* Cairo-Light.ttf */ = {isa = PBXFileReference; lastKnownFileType = file; path = "Cairo-Light.ttf"; sourceTree = "<group>"; };
		D72EA9FA28341E9000193E0D /* Cairo-Bold.ttf */ = {isa = PBXFileReference; lastKnownFileType = file; path = "Cairo-Bold.ttf"; sourceTree = "<group>"; };
		D72EA9FB28341E9000193E0D /* Cairo-SemiBold.ttf */ = {isa = PBXFileReference; lastKnownFileType = file; path = "Cairo-SemiBold.ttf"; sourceTree = "<group>"; };
		D72EAA0928341F1900193E0D /* HomeDataSource.swift */ = {isa = PBXFileReference; lastKnownFileType = sourcecode.swift; path = HomeDataSource.swift; sourceTree = "<group>"; };
		D72EAA1928341FD800193E0D /* ImagesModel.swift */ = {isa = PBXFileReference; lastKnownFileType = sourcecode.swift; path = ImagesModel.swift; sourceTree = "<group>"; };
		D72EAA292834241100193E0D /* HomeRepository.swift */ = {isa = PBXFileReference; lastKnownFileType = sourcecode.swift; path = HomeRepository.swift; sourceTree = "<group>"; };
		D72EAA322834249C00193E0D /* HomeRepositoryImpl.swift */ = {isa = PBXFileReference; lastKnownFileType = sourcecode.swift; path = HomeRepositoryImpl.swift; sourceTree = "<group>"; };
		D72EAA3B283424F600193E0D /* NetworkManager.framework */ = {isa = PBXFileReference; explicitFileType = wrapper.framework; path = NetworkManager.framework; sourceTree = BUILT_PRODUCTS_DIR; };
		D72EAA422834256400193E0D /* HomeUseCase.swift */ = {isa = PBXFileReference; lastKnownFileType = sourcecode.swift; path = HomeUseCase.swift; sourceTree = "<group>"; };
		D72EAA482834261D00193E0D /* HomeViewModel.swift */ = {isa = PBXFileReference; lastKnownFileType = sourcecode.swift; path = HomeViewModel.swift; sourceTree = "<group>"; };
		D72EAA4C2834267400193E0D /* HomeVC.swift */ = {isa = PBXFileReference; lastKnownFileType = sourcecode.swift; path = HomeVC.swift; sourceTree = "<group>"; };
		D72EAA4D2834267400193E0D /* HomeVC.xib */ = {isa = PBXFileReference; lastKnownFileType = file.xib; path = HomeVC.xib; sourceTree = "<group>"; };
		D72EAA552834276B00193E0D /* HomeTableViewCell.swift */ = {isa = PBXFileReference; lastKnownFileType = sourcecode.swift; path = HomeTableViewCell.swift; sourceTree = "<group>"; };
		D72EAA562834276B00193E0D /* HomeTableViewCell.xib */ = {isa = PBXFileReference; lastKnownFileType = file.xib; path = HomeTableViewCell.xib; sourceTree = "<group>"; };
		D72EAA6928342FB500193E0D /* ImageLoader.swift */ = {isa = PBXFileReference; lastKnownFileType = sourcecode.swift; path = ImageLoader.swift; sourceTree = "<group>"; };
		D72EAA6E283430CF00193E0D /* PhotosViewCoordinator.swift */ = {isa = PBXFileReference; lastKnownFileType = sourcecode.swift; path = PhotosViewCoordinator.swift; sourceTree = "<group>"; };
		D72EAA752834310000193E0D /* AppCoordinator.swift */ = {isa = PBXFileReference; lastKnownFileType = sourcecode.swift; path = AppCoordinator.swift; sourceTree = "<group>"; };
		D72EAA792834311400193E0D /* BaseVoordinator.swift */ = {isa = PBXFileReference; lastKnownFileType = sourcecode.swift; path = BaseVoordinator.swift; sourceTree = "<group>"; };
		D72EAA862834321600193E0D /* Container + ViewModel.swift */ = {isa = PBXFileReference; lastKnownFileType = sourcecode.swift; path = "Container + ViewModel.swift"; sourceTree = "<group>"; };
		D72EAA8C2834322F00193E0D /* RegisterDependencies.swift */ = {isa = PBXFileReference; lastKnownFileType = sourcecode.swift; path = RegisterDependencies.swift; sourceTree = "<group>"; };
		D72EAA9F2835627000193E0D /* CoreDataHelper.swift */ = {isa = PBXFileReference; lastKnownFileType = sourcecode.swift; path = CoreDataHelper.swift; sourceTree = "<group>"; };
		D72EAAA52835629A00193E0D /* DatabaseHelperProtocol.swift */ = {isa = PBXFileReference; lastKnownFileType = sourcecode.swift; path = DatabaseHelperProtocol.swift; sourceTree = "<group>"; };
		D72EAAA9283562B300193E0D /* DatabaseManagerProtocol.swift */ = {isa = PBXFileReference; lastKnownFileType = sourcecode.swift; path = DatabaseManagerProtocol.swift; sourceTree = "<group>"; };
		D72EAAAD283562EC00193E0D /* ItemModel.swift */ = {isa = PBXFileReference; lastKnownFileType = sourcecode.swift; path = ItemModel.swift; sourceTree = "<group>"; };
		D72EAAB12835637C00193E0D /* DataUser.swift */ = {isa = PBXFileReference; lastKnownFileType = sourcecode.swift; path = DataUser.swift; sourceTree = "<group>"; };
		D72EAAD0283596EB00193E0D /* GetData.swift */ = {isa = PBXFileReference; lastKnownFileType = sourcecode.swift; path = GetData.swift; sourceTree = "<group>"; };
		D72EAAD428359CB500193E0D /* Reachability.swift */ = {isa = PBXFileReference; lastKnownFileType = sourcecode.swift; path = Reachability.swift; sourceTree = "<group>"; };
		D732731C2838E9F700D524BF /* NetworkManager.framework */ = {isa = PBXFileReference; explicitFileType = wrapper.framework; path = NetworkManager.framework; sourceTree = BUILT_PRODUCTS_DIR; };
		D73273412838F6CC00D524BF /* DataProviderProtocol.swift */ = {isa = PBXFileReference; lastKnownFileType = sourcecode.swift; path = DataProviderProtocol.swift; sourceTree = "<group>"; };
		D73273472838F6E800D524BF /* RequestProtocol.swift */ = {isa = PBXFileReference; lastKnownFileType = sourcecode.swift; path = RequestProtocol.swift; sourceTree = "<group>"; };
		D732734B2838F6FC00D524BF /* SessionManager.swift */ = {isa = PBXFileReference; lastKnownFileType = sourcecode.swift; path = SessionManager.swift; sourceTree = "<group>"; };
		D732736D2839010100D524BF /* DetailsVC.swift */ = {isa = PBXFileReference; lastKnownFileType = sourcecode.swift; path = DetailsVC.swift; sourceTree = "<group>"; };
		D732736E2839010100D524BF /* DetailsVC.xib */ = {isa = PBXFileReference; lastKnownFileType = file.xib; path = DetailsVC.xib; sourceTree = "<group>"; };
/* End PBXFileReference section */

/* Begin PBXFrameworksBuildPhase section */
		D72EA9AD28341BAF00193E0D /* Frameworks */ = {
			isa = PBXFrameworksBuildPhase;
			buildActionMask = 2147483647;
			files = (
				D72EAA922834332C00193E0D /* SwinjectAutoregistration in Frameworks */,
				D72EAA1428341F7E00193E0D /* RxRelay in Frameworks */,
				D72EAA7F283431E000193E0D /* Swinject in Frameworks */,
				D73273672838FBDE00D524BF /* Alamofire in Frameworks */,
				D72EAA1228341F7E00193E0D /* RxCocoa in Frameworks */,
				D72EAA1028341F7E00193E0D /* RxSwift in Frameworks */,
			);
			runOnlyForDeploymentPostprocessing = 0;
		};
		D72EA9C628341BB200193E0D /* Frameworks */ = {
			isa = PBXFrameworksBuildPhase;
			buildActionMask = 2147483647;
			files = (
			);
			runOnlyForDeploymentPostprocessing = 0;
		};
		D72EA9D128341BB200193E0D /* Frameworks */ = {
			isa = PBXFrameworksBuildPhase;
			buildActionMask = 2147483647;
			files = (
			);
			runOnlyForDeploymentPostprocessing = 0;
		};
/* End PBXFrameworksBuildPhase section */

/* Begin PBXGroup section */
		D72EA9A728341BAF00193E0D = {
			isa = PBXGroup;
			children = (
				D72EA9B228341BAF00193E0D /* Photos_Challenge */,
				D72EA9CC28341BB200193E0D /* Photos_ChallengeTests */,
				D72EA9D728341BB200193E0D /* Photos_ChallengeUITests */,
				D72EA9B128341BAF00193E0D /* Products */,
				D72EAA3A283424F600193E0D /* Frameworks */,
			);
			sourceTree = "<group>";
		};
		D72EA9B128341BAF00193E0D /* Products */ = {
			isa = PBXGroup;
			children = (
				D72EA9B028341BAF00193E0D /* Photos_Challenge.app */,
				D72EA9C928341BB200193E0D /* Photos_ChallengeTests.xctest */,
				D72EA9D428341BB200193E0D /* Photos_ChallengeUITests.xctest */,
			);
			name = Products;
			sourceTree = "<group>";
		};
		D72EA9B228341BAF00193E0D /* Photos_Challenge */ = {
			isa = PBXGroup;
			children = (
				D72EAA852834320300193E0D /* Dependacy injection */,
				D72EAA5B2834286600193E0D /* Domain */,
				D72EAA0328341EAF00193E0D /* Features */,
				D72EA9EF28341E6400193E0D /* Core */,
				D72EA9F628341E7000193E0D /* Resources */,
				D72EA9C428341BB100193E0D /* Info.plist */,
				D72EA9BC28341BAF00193E0D /* Photos.xcdatamodeld */,
			);
			path = Photos_Challenge;
			sourceTree = "<group>";
		};
		D72EA9CC28341BB200193E0D /* Photos_ChallengeTests */ = {
			isa = PBXGroup;
			children = (
				D72EA9CD28341BB200193E0D /* Photos_ChallengeTests.swift */,
				D72EA9CF28341BB200193E0D /* Info.plist */,
			);
			path = Photos_ChallengeTests;
			sourceTree = "<group>";
		};
		D72EA9D728341BB200193E0D /* Photos_ChallengeUITests */ = {
			isa = PBXGroup;
			children = (
				D72EA9D828341BB200193E0D /* Photos_ChallengeUITests.swift */,
				D72EA9DA28341BB200193E0D /* Info.plist */,
			);
			path = Photos_ChallengeUITests;
			sourceTree = "<group>";
		};
		D72EA9EF28341E6400193E0D /* Core */ = {
			isa = PBXGroup;
			children = (
				D72EA9B328341BAF00193E0D /* AppDelegate.swift */,
			);
			path = Core;
			sourceTree = "<group>";
		};
		D72EA9F628341E7000193E0D /* Resources */ = {
			isa = PBXGroup;
			children = (
				D72EA9F728341E7700193E0D /* Fonts */,
				D72EA9BF28341BB100193E0D /* Assets.xcassets */,
				D72EA9C128341BB100193E0D /* LaunchScreen.storyboard */,
			);
			path = Resources;
			sourceTree = "<group>";
		};
		D72EA9F728341E7700193E0D /* Fonts */ = {
			isa = PBXGroup;
			children = (
				D72EA9FA28341E9000193E0D /* Cairo-Bold.ttf */,
				D72EA9F928341E9000193E0D /* Cairo-Light.ttf */,
				D72EA9F828341E9000193E0D /* Cairo-Regular.ttf */,
				D72EA9FB28341E9000193E0D /* Cairo-SemiBold.ttf */,
			);
			path = Fonts;
			sourceTree = "<group>";
		};
		D72EAA0328341EAF00193E0D /* Features */ = {
			isa = PBXGroup;
			children = (
				D732736B283900D300D524BF /* Details */,
				D72EAA0428341EB500193E0D /* Home */,
			);
			path = Features;
			sourceTree = "<group>";
		};
		D72EAA0428341EB500193E0D /* Home */ = {
			isa = PBXGroup;
			children = (
				D72EAA6D2834308A00193E0D /* Coordinator */,
				D72EAA0728341EC700193E0D /* Presntation */,
				D72EAA0628341EC400193E0D /* Data */,
				D72EAA0528341EBF00193E0D /* Domain */,
			);
			path = Home;
			sourceTree = "<group>";
		};
		D72EAA0528341EBF00193E0D /* Domain */ = {
			isa = PBXGroup;
			children = (
				D72EAA412834253F00193E0D /* UseCase */,
				D72EAA28283423D200193E0D /* Repository */,
			);
			path = Domain;
			sourceTree = "<group>";
		};
		D72EAA0628341EC400193E0D /* Data */ = {
			isa = PBXGroup;
			children = (
				D72EAA2E2834245D00193E0D /* RepositoryImpl */,
				D72EAA1828341FA600193E0D /* Model */,
				D72EAA0828341F0400193E0D /* DataSource */,
			);
			path = Data;
			sourceTree = "<group>";
		};
		D72EAA0728341EC700193E0D /* Presntation */ = {
			isa = PBXGroup;
			children = (
				D72EAA47283425B700193E0D /* ViewModel */,
				D72EAA46283425B300193E0D /* View */,
			);
			path = Presntation;
			sourceTree = "<group>";
		};
		D72EAA0828341F0400193E0D /* DataSource */ = {
			isa = PBXGroup;
			children = (
				D72EAA0928341F1900193E0D /* HomeDataSource.swift */,
			);
			path = DataSource;
			sourceTree = "<group>";
		};
		D72EAA1828341FA600193E0D /* Model */ = {
			isa = PBXGroup;
			children = (
				D72EAA1928341FD800193E0D /* ImagesModel.swift */,
			);
			path = Model;
			sourceTree = "<group>";
		};
		D72EAA28283423D200193E0D /* Repository */ = {
			isa = PBXGroup;
			children = (
				D72EAA292834241100193E0D /* HomeRepository.swift */,
			);
			path = Repository;
			sourceTree = "<group>";
		};
		D72EAA2E2834245D00193E0D /* RepositoryImpl */ = {
			isa = PBXGroup;
			children = (
				D72EAA322834249C00193E0D /* HomeRepositoryImpl.swift */,
			);
			path = RepositoryImpl;
			sourceTree = "<group>";
		};
		D72EAA3A283424F600193E0D /* Frameworks */ = {
			isa = PBXGroup;
			children = (
				D732731C2838E9F700D524BF /* NetworkManager.framework */,
				D72EAA3B283424F600193E0D /* NetworkManager.framework */,
			);
			name = Frameworks;
			sourceTree = "<group>";
		};
		D72EAA412834253F00193E0D /* UseCase */ = {
			isa = PBXGroup;
			children = (
				D72EAA422834256400193E0D /* HomeUseCase.swift */,
			);
			path = UseCase;
			sourceTree = "<group>";
		};
		D72EAA46283425B300193E0D /* View */ = {
			isa = PBXGroup;
			children = (
				D72EAA52283426A600193E0D /* Cell */,
				D72EAA4C2834267400193E0D /* HomeVC.swift */,
				D72EAA4D2834267400193E0D /* HomeVC.xib */,
			);
			path = View;
			sourceTree = "<group>";
		};
		D72EAA47283425B700193E0D /* ViewModel */ = {
			isa = PBXGroup;
			children = (
				D72EAA482834261D00193E0D /* HomeViewModel.swift */,
			);
			path = ViewModel;
			sourceTree = "<group>";
		};
		D72EAA52283426A600193E0D /* Cell */ = {
			isa = PBXGroup;
			children = (
				D72EAA552834276B00193E0D /* HomeTableViewCell.swift */,
				D72EAA562834276B00193E0D /* HomeTableViewCell.xib */,
			);
			path = Cell;
			sourceTree = "<group>";
		};
		D72EAA5B2834286600193E0D /* Domain */ = {
			isa = PBXGroup;
			children = (
				D73273402838F6B700D524BF /* NetworkManager */,
				D72EAA9E2835625E00193E0D /* CoreData */,
				D72EAA74283430F100193E0D /* AppCoordinator */,
				D72EAA6928342FB500193E0D /* ImageLoader.swift */,
				D72EAAD0283596EB00193E0D /* GetData.swift */,
				D72EAAD428359CB500193E0D /* Reachability.swift */,
			);
			path = Domain;
			sourceTree = "<group>";
		};
		D72EAA6D2834308A00193E0D /* Coordinator */ = {
			isa = PBXGroup;
			children = (
				D72EAA6E283430CF00193E0D /* PhotosViewCoordinator.swift */,
			);
			path = Coordinator;
			sourceTree = "<group>";
		};
		D72EAA74283430F100193E0D /* AppCoordinator */ = {
			isa = PBXGroup;
			children = (
				D72EAA752834310000193E0D /* AppCoordinator.swift */,
				D72EAA792834311400193E0D /* BaseVoordinator.swift */,
			);
			path = AppCoordinator;
			sourceTree = "<group>";
		};
		D72EAA852834320300193E0D /* Dependacy injection */ = {
			isa = PBXGroup;
			children = (
				D72EAA862834321600193E0D /* Container + ViewModel.swift */,
				D72EAA8C2834322F00193E0D /* RegisterDependencies.swift */,
			);
			path = "Dependacy injection";
			sourceTree = "<group>";
		};
		D72EAA9E2835625E00193E0D /* CoreData */ = {
			isa = PBXGroup;
			children = (
				D72EAA9F2835627000193E0D /* CoreDataHelper.swift */,
				D72EAAA52835629A00193E0D /* DatabaseHelperProtocol.swift */,
				D72EAAA9283562B300193E0D /* DatabaseManagerProtocol.swift */,
				D72EAAAD283562EC00193E0D /* ItemModel.swift */,
				D72EAAB12835637C00193E0D /* DataUser.swift */,
			);
			path = CoreData;
			sourceTree = "<group>";
		};
		D73273402838F6B700D524BF /* NetworkManager */ = {
			isa = PBXGroup;
			children = (
				D73273412838F6CC00D524BF /* DataProviderProtocol.swift */,
				D73273472838F6E800D524BF /* RequestProtocol.swift */,
				D732734B2838F6FC00D524BF /* SessionManager.swift */,
			);
			path = NetworkManager;
			sourceTree = "<group>";
		};
		D732736B283900D300D524BF /* Details */ = {
			isa = PBXGroup;
			children = (
				D732736C283900E900D524BF /* Presntation */,
			);
			path = Details;
			sourceTree = "<group>";
		};
		D732736C283900E900D524BF /* Presntation */ = {
			isa = PBXGroup;
			children = (
				D732736D2839010100D524BF /* DetailsVC.swift */,
				D732736E2839010100D524BF /* DetailsVC.xib */,
			);
			path = Presntation;
			sourceTree = "<group>";
		};
/* End PBXGroup section */

/* Begin PBXNativeTarget section */
		D72EA9AF28341BAF00193E0D /* Photos_Challenge */ = {
			isa = PBXNativeTarget;
			buildConfigurationList = D72EA9DD28341BB200193E0D /* Build configuration list for PBXNativeTarget "Photos_Challenge" */;
			buildPhases = (
				D72EA9AC28341BAF00193E0D /* Sources */,
				D72EA9AD28341BAF00193E0D /* Frameworks */,
				D72EA9AE28341BAF00193E0D /* Resources */,
			);
			buildRules = (
			);
			dependencies = (
			);
			name = Photos_Challenge;
			packageProductDependencies = (
				D72EAA0F28341F7E00193E0D /* RxSwift */,
				D72EAA1128341F7E00193E0D /* RxCocoa */,
				D72EAA1328341F7E00193E0D /* RxRelay */,
				D72EAA7E283431E000193E0D /* Swinject */,
				D72EAA912834332C00193E0D /* SwinjectAutoregistration */,
				D73273662838FBDE00D524BF /* Alamofire */,
			);
			productName = Photos_Challenge;
			productReference = D72EA9B028341BAF00193E0D /* Photos_Challenge.app */;
			productType = "com.apple.product-type.application";
		};
		D72EA9C828341BB200193E0D /* Photos_ChallengeTests */ = {
			isa = PBXNativeTarget;
			buildConfigurationList = D72EA9E028341BB200193E0D /* Build configuration list for PBXNativeTarget "Photos_ChallengeTests" */;
			buildPhases = (
				D72EA9C528341BB200193E0D /* Sources */,
				D72EA9C628341BB200193E0D /* Frameworks */,
				D72EA9C728341BB200193E0D /* Resources */,
			);
			buildRules = (
			);
			dependencies = (
				D72EA9CB28341BB200193E0D /* PBXTargetDependency */,
			);
			name = Photos_ChallengeTests;
			productName = Photos_ChallengeTests;
			productReference = D72EA9C928341BB200193E0D /* Photos_ChallengeTests.xctest */;
			productType = "com.apple.product-type.bundle.unit-test";
		};
		D72EA9D328341BB200193E0D /* Photos_ChallengeUITests */ = {
			isa = PBXNativeTarget;
			buildConfigurationList = D72EA9E328341BB200193E0D /* Build configuration list for PBXNativeTarget "Photos_ChallengeUITests" */;
			buildPhases = (
				D72EA9D028341BB200193E0D /* Sources */,
				D72EA9D128341BB200193E0D /* Frameworks */,
				D72EA9D228341BB200193E0D /* Resources */,
			);
			buildRules = (
			);
			dependencies = (
				D72EA9D628341BB200193E0D /* PBXTargetDependency */,
			);
			name = Photos_ChallengeUITests;
			productName = Photos_ChallengeUITests;
			productReference = D72EA9D428341BB200193E0D /* Photos_ChallengeUITests.xctest */;
			productType = "com.apple.product-type.bundle.ui-testing";
		};
/* End PBXNativeTarget section */

/* Begin PBXProject section */
		D72EA9A828341BAF00193E0D /* Project object */ = {
			isa = PBXProject;
			attributes = {
				LastSwiftUpdateCheck = 1240;
				LastUpgradeCheck = 1240;
				TargetAttributes = {
					D72EA9AF28341BAF00193E0D = {
						CreatedOnToolsVersion = 12.4;
					};
					D72EA9C828341BB200193E0D = {
						CreatedOnToolsVersion = 12.4;
						TestTargetID = D72EA9AF28341BAF00193E0D;
					};
					D72EA9D328341BB200193E0D = {
						CreatedOnToolsVersion = 12.4;
						TestTargetID = D72EA9AF28341BAF00193E0D;
					};
				};
			};
			buildConfigurationList = D72EA9AB28341BAF00193E0D /* Build configuration list for PBXProject "Photos_Challenge" */;
			compatibilityVersion = "Xcode 9.3";
			developmentRegion = en;
			hasScannedForEncodings = 0;
			knownRegions = (
				en,
				Base,
			);
			mainGroup = D72EA9A728341BAF00193E0D;
			packageReferences = (
				D72EAA0E28341F7E00193E0D /* XCRemoteSwiftPackageReference "RxSwift" */,
				D72EAA7D283431E000193E0D /* XCRemoteSwiftPackageReference "Swinject" */,
				D72EAA902834332C00193E0D /* XCRemoteSwiftPackageReference "SwinjectAutoregistration" */,
				D732734F2838F74400D524BF /* XCRemoteSwiftPackageReference "Alamofire" */,
			);
			productRefGroup = D72EA9B128341BAF00193E0D /* Products */;
			projectDirPath = "";
			projectRoot = "";
			targets = (
				D72EA9AF28341BAF00193E0D /* Photos_Challenge */,
				D72EA9C828341BB200193E0D /* Photos_ChallengeTests */,
				D72EA9D328341BB200193E0D /* Photos_ChallengeUITests */,
			);
		};
/* End PBXProject section */

/* Begin PBXResourcesBuildPhase section */
		D72EA9AE28341BAF00193E0D /* Resources */ = {
			isa = PBXResourcesBuildPhase;
			buildActionMask = 2147483647;
			files = (
				D72EA9FC28341E9000193E0D /* Cairo-Regular.ttf in Resources */,
				D72EA9FE28341E9000193E0D /* Cairo-Bold.ttf in Resources */,
				D72EAA582834276B00193E0D /* HomeTableViewCell.xib in Resources */,
				D72EA9FF28341E9000193E0D /* Cairo-SemiBold.ttf in Resources */,
				D72EA9C328341BB100193E0D /* LaunchScreen.storyboard in Resources */,
				D72EA9FD28341E9000193E0D /* Cairo-Light.ttf in Resources */,
				D72EA9C028341BB100193E0D /* Assets.xcassets in Resources */,
				D72EAA4F2834267400193E0D /* HomeVC.xib in Resources */,
				D73273702839010100D524BF /* DetailsVC.xib in Resources */,
			);
			runOnlyForDeploymentPostprocessing = 0;
		};
		D72EA9C728341BB200193E0D /* Resources */ = {
			isa = PBXResourcesBuildPhase;
			buildActionMask = 2147483647;
			files = (
			);
			runOnlyForDeploymentPostprocessing = 0;
		};
		D72EA9D228341BB200193E0D /* Resources */ = {
			isa = PBXResourcesBuildPhase;
			buildActionMask = 2147483647;
			files = (
			);
			runOnlyForDeploymentPostprocessing = 0;
		};
/* End PBXResourcesBuildPhase section */

/* Begin PBXSourcesBuildPhase section */
		D72EA9AC28341BAF00193E0D /* Sources */ = {
			isa = PBXSourcesBuildPhase;
			buildActionMask = 2147483647;
			files = (
				D72EAAA62835629A00193E0D /* DatabaseHelperProtocol.swift in Sources */,
				D72EA9BE28341BAF00193E0D /* Photos.xcdatamodeld in Sources */,
				D72EAA8D2834322F00193E0D /* RegisterDependencies.swift in Sources */,
				D72EAA432834256400193E0D /* HomeUseCase.swift in Sources */,
				D73273482838F6E800D524BF /* RequestProtocol.swift in Sources */,
				D73273422838F6CC00D524BF /* DataProviderProtocol.swift in Sources */,
				D72EAAAA283562B300193E0D /* DatabaseManagerProtocol.swift in Sources */,
				D72EAA762834310000193E0D /* AppCoordinator.swift in Sources */,
				D72EAAA02835627100193E0D /* CoreDataHelper.swift in Sources */,
				D72EAA6A28342FB500193E0D /* ImageLoader.swift in Sources */,
				D72EAA2A2834241100193E0D /* HomeRepository.swift in Sources */,
				D72EAA4E2834267400193E0D /* HomeVC.swift in Sources */,
				D732734C2838F6FC00D524BF /* SessionManager.swift in Sources */,
				D72EAAAE283562EC00193E0D /* ItemModel.swift in Sources */,
				D72EAA492834261D00193E0D /* HomeViewModel.swift in Sources */,
				D72EAA6F283430CF00193E0D /* PhotosViewCoordinator.swift in Sources */,
				D72EAA7A2834311400193E0D /* BaseVoordinator.swift in Sources */,
				D72EAA332834249C00193E0D /* HomeRepositoryImpl.swift in Sources */,
				D72EAAD528359CB500193E0D /* Reachability.swift in Sources */,
				D72EAA872834321600193E0D /* Container + ViewModel.swift in Sources */,
				D72EAA572834276B00193E0D /* HomeTableViewCell.swift in Sources */,
				D72EAA0A28341F1900193E0D /* HomeDataSource.swift in Sources */,
				D732736F2839010100D524BF /* DetailsVC.swift in Sources */,
				D72EA9B428341BAF00193E0D /* AppDelegate.swift in Sources */,
				D72EAA1A28341FD800193E0D /* ImagesModel.swift in Sources */,
				D72EAAD1283596EB00193E0D /* GetData.swift in Sources */,
				D72EAAB22835637C00193E0D /* DataUser.swift in Sources */,
			);
			runOnlyForDeploymentPostprocessing = 0;
		};
		D72EA9C528341BB200193E0D /* Sources */ = {
			isa = PBXSourcesBuildPhase;
			buildActionMask = 2147483647;
			files = (
				D72EA9CE28341BB200193E0D /* Photos_ChallengeTests.swift in Sources */,
			);
			runOnlyForDeploymentPostprocessing = 0;
		};
		D72EA9D028341BB200193E0D /* Sources */ = {
			isa = PBXSourcesBuildPhase;
			buildActionMask = 2147483647;
			files = (
				D72EA9D928341BB200193E0D /* Photos_ChallengeUITests.swift in Sources */,
			);
			runOnlyForDeploymentPostprocessing = 0;
		};
/* End PBXSourcesBuildPhase section */

/* Begin PBXTargetDependency section */
		D72EA9CB28341BB200193E0D /* PBXTargetDependency */ = {
			isa = PBXTargetDependency;
			target = D72EA9AF28341BAF00193E0D /* Photos_Challenge */;
			targetProxy = D72EA9CA28341BB200193E0D /* PBXContainerItemProxy */;
		};
		D72EA9D628341BB200193E0D /* PBXTargetDependency */ = {
			isa = PBXTargetDependency;
			target = D72EA9AF28341BAF00193E0D /* Photos_Challenge */;
			targetProxy = D72EA9D528341BB200193E0D /* PBXContainerItemProxy */;
		};
/* End PBXTargetDependency section */

/* Begin PBXVariantGroup section */
		D72EA9C128341BB100193E0D /* LaunchScreen.storyboard */ = {
			isa = PBXVariantGroup;
			children = (
				D72EA9C228341BB100193E0D /* Base */,
			);
			name = LaunchScreen.storyboard;
			sourceTree = "<group>";
		};
/* End PBXVariantGroup section */

/* Begin XCBuildConfiguration section */
		D72EA9DB28341BB200193E0D /* Debug */ = {
			isa = XCBuildConfiguration;
			buildSettings = {
				ALWAYS_SEARCH_USER_PATHS = NO;
				CLANG_ANALYZER_NONNULL = YES;
				CLANG_ANALYZER_NUMBER_OBJECT_CONVERSION = YES_AGGRESSIVE;
				CLANG_CXX_LANGUAGE_STANDARD = "gnu++14";
				CLANG_CXX_LIBRARY = "libc++";
				CLANG_ENABLE_MODULES = YES;
				CLANG_ENABLE_OBJC_ARC = YES;
				CLANG_ENABLE_OBJC_WEAK = YES;
				CLANG_WARN_BLOCK_CAPTURE_AUTORELEASING = YES;
				CLANG_WARN_BOOL_CONVERSION = YES;
				CLANG_WARN_COMMA = YES;
				CLANG_WARN_CONSTANT_CONVERSION = YES;
				CLANG_WARN_DEPRECATED_OBJC_IMPLEMENTATIONS = YES;
				CLANG_WARN_DIRECT_OBJC_ISA_USAGE = YES_ERROR;
				CLANG_WARN_DOCUMENTATION_COMMENTS = YES;
				CLANG_WARN_EMPTY_BODY = YES;
				CLANG_WARN_ENUM_CONVERSION = YES;
				CLANG_WARN_INFINITE_RECURSION = YES;
				CLANG_WARN_INT_CONVERSION = YES;
				CLANG_WARN_NON_LITERAL_NULL_CONVERSION = YES;
				CLANG_WARN_OBJC_IMPLICIT_RETAIN_SELF = YES;
				CLANG_WARN_OBJC_LITERAL_CONVERSION = YES;
				CLANG_WARN_OBJC_ROOT_CLASS = YES_ERROR;
				CLANG_WARN_QUOTED_INCLUDE_IN_FRAMEWORK_HEADER = YES;
				CLANG_WARN_RANGE_LOOP_ANALYSIS = YES;
				CLANG_WARN_STRICT_PROTOTYPES = YES;
				CLANG_WARN_SUSPICIOUS_MOVE = YES;
				CLANG_WARN_UNGUARDED_AVAILABILITY = YES_AGGRESSIVE;
				CLANG_WARN_UNREACHABLE_CODE = YES;
				CLANG_WARN__DUPLICATE_METHOD_MATCH = YES;
				COPY_PHASE_STRIP = NO;
				DEBUG_INFORMATION_FORMAT = dwarf;
				ENABLE_STRICT_OBJC_MSGSEND = YES;
				ENABLE_TESTABILITY = YES;
				GCC_C_LANGUAGE_STANDARD = gnu11;
				GCC_DYNAMIC_NO_PIC = NO;
				GCC_NO_COMMON_BLOCKS = YES;
				GCC_OPTIMIZATION_LEVEL = 0;
				GCC_PREPROCESSOR_DEFINITIONS = (
					"DEBUG=1",
					"$(inherited)",
				);
				GCC_WARN_64_TO_32_BIT_CONVERSION = YES;
				GCC_WARN_ABOUT_RETURN_TYPE = YES_ERROR;
				GCC_WARN_UNDECLARED_SELECTOR = YES;
				GCC_WARN_UNINITIALIZED_AUTOS = YES_AGGRESSIVE;
				GCC_WARN_UNUSED_FUNCTION = YES;
				GCC_WARN_UNUSED_VARIABLE = YES;
				IPHONEOS_DEPLOYMENT_TARGET = 14.4;
				MTL_ENABLE_DEBUG_INFO = INCLUDE_SOURCE;
				MTL_FAST_MATH = YES;
				ONLY_ACTIVE_ARCH = YES;
				SDKROOT = iphoneos;
				SWIFT_ACTIVE_COMPILATION_CONDITIONS = DEBUG;
				SWIFT_OPTIMIZATION_LEVEL = "-Onone";
			};
			name = Debug;
		};
		D72EA9DC28341BB200193E0D /* Release */ = {
			isa = XCBuildConfiguration;
			buildSettings = {
				ALWAYS_SEARCH_USER_PATHS = NO;
				CLANG_ANALYZER_NONNULL = YES;
				CLANG_ANALYZER_NUMBER_OBJECT_CONVERSION = YES_AGGRESSIVE;
				CLANG_CXX_LANGUAGE_STANDARD = "gnu++14";
				CLANG_CXX_LIBRARY = "libc++";
				CLANG_ENABLE_MODULES = YES;
				CLANG_ENABLE_OBJC_ARC = YES;
				CLANG_ENABLE_OBJC_WEAK = YES;
				CLANG_WARN_BLOCK_CAPTURE_AUTORELEASING = YES;
				CLANG_WARN_BOOL_CONVERSION = YES;
				CLANG_WARN_COMMA = YES;
				CLANG_WARN_CONSTANT_CONVERSION = YES;
				CLANG_WARN_DEPRECATED_OBJC_IMPLEMENTATIONS = YES;
				CLANG_WARN_DIRECT_OBJC_ISA_USAGE = YES_ERROR;
				CLANG_WARN_DOCUMENTATION_COMMENTS = YES;
				CLANG_WARN_EMPTY_BODY = YES;
				CLANG_WARN_ENUM_CONVERSION = YES;
				CLANG_WARN_INFINITE_RECURSION = YES;
				CLANG_WARN_INT_CONVERSION = YES;
				CLANG_WARN_NON_LITERAL_NULL_CONVERSION = YES;
				CLANG_WARN_OBJC_IMPLICIT_RETAIN_SELF = YES;
				CLANG_WARN_OBJC_LITERAL_CONVERSION = YES;
				CLANG_WARN_OBJC_ROOT_CLASS = YES_ERROR;
				CLANG_WARN_QUOTED_INCLUDE_IN_FRAMEWORK_HEADER = YES;
				CLANG_WARN_RANGE_LOOP_ANALYSIS = YES;
				CLANG_WARN_STRICT_PROTOTYPES = YES;
				CLANG_WARN_SUSPICIOUS_MOVE = YES;
				CLANG_WARN_UNGUARDED_AVAILABILITY = YES_AGGRESSIVE;
				CLANG_WARN_UNREACHABLE_CODE = YES;
				CLANG_WARN__DUPLICATE_METHOD_MATCH = YES;
				COPY_PHASE_STRIP = NO;
				DEBUG_INFORMATION_FORMAT = "dwarf-with-dsym";
				ENABLE_NS_ASSERTIONS = NO;
				ENABLE_STRICT_OBJC_MSGSEND = YES;
				GCC_C_LANGUAGE_STANDARD = gnu11;
				GCC_NO_COMMON_BLOCKS = YES;
				GCC_WARN_64_TO_32_BIT_CONVERSION = YES;
				GCC_WARN_ABOUT_RETURN_TYPE = YES_ERROR;
				GCC_WARN_UNDECLARED_SELECTOR = YES;
				GCC_WARN_UNINITIALIZED_AUTOS = YES_AGGRESSIVE;
				GCC_WARN_UNUSED_FUNCTION = YES;
				GCC_WARN_UNUSED_VARIABLE = YES;
				IPHONEOS_DEPLOYMENT_TARGET = 14.4;
				MTL_ENABLE_DEBUG_INFO = NO;
				MTL_FAST_MATH = YES;
				SDKROOT = iphoneos;
				SWIFT_COMPILATION_MODE = wholemodule;
				SWIFT_OPTIMIZATION_LEVEL = "-O";
				VALIDATE_PRODUCT = YES;
			};
			name = Release;
		};
		D72EA9DE28341BB200193E0D /* Debug */ = {
			isa = XCBuildConfiguration;
			buildSettings = {
				ASSETCATALOG_COMPILER_APPICON_NAME = AppIcon;
				ASSETCATALOG_COMPILER_GLOBAL_ACCENT_COLOR_NAME = AccentColor;
				CODE_SIGN_STYLE = Automatic;
				DEVELOPMENT_TEAM = SB6MTB7YS3;
				INFOPLIST_FILE = Photos_Challenge/Info.plist;
				IPHONEOS_DEPLOYMENT_TARGET = 13.0;
				LD_RUNPATH_SEARCH_PATHS = (
					"$(inherited)",
					"@executable_path/Frameworks",
				);
				PRODUCT_BUNDLE_IDENTIFIER = "hanykaram.Photos-Challenge";
				PRODUCT_NAME = "$(TARGET_NAME)";
				SWIFT_VERSION = 5.0;
				TARGETED_DEVICE_FAMILY = "1,2";
			};
			name = Debug;
		};
		D72EA9DF28341BB200193E0D /* Release */ = {
			isa = XCBuildConfiguration;
			buildSettings = {
				ASSETCATALOG_COMPILER_APPICON_NAME = AppIcon;
				ASSETCATALOG_COMPILER_GLOBAL_ACCENT_COLOR_NAME = AccentColor;
				CODE_SIGN_STYLE = Automatic;
				DEVELOPMENT_TEAM = SB6MTB7YS3;
				INFOPLIST_FILE = Photos_Challenge/Info.plist;
				IPHONEOS_DEPLOYMENT_TARGET = 13.0;
				LD_RUNPATH_SEARCH_PATHS = (
					"$(inherited)",
					"@executable_path/Frameworks",
				);
				PRODUCT_BUNDLE_IDENTIFIER = "hanykaram.Photos-Challenge";
				PRODUCT_NAME = "$(TARGET_NAME)";
				SWIFT_VERSION = 5.0;
				TARGETED_DEVICE_FAMILY = "1,2";
			};
			name = Release;
		};
		D72EA9E128341BB200193E0D /* Debug */ = {
			isa = XCBuildConfiguration;
			buildSettings = {
				ALWAYS_EMBED_SWIFT_STANDARD_LIBRARIES = YES;
				BUNDLE_LOADER = "$(TEST_HOST)";
				CODE_SIGN_STYLE = Automatic;
				DEVELOPMENT_TEAM = SB6MTB7YS3;
				INFOPLIST_FILE = Photos_ChallengeTests/Info.plist;
				IPHONEOS_DEPLOYMENT_TARGET = 14.4;
				LD_RUNPATH_SEARCH_PATHS = (
					"$(inherited)",
					"@executable_path/Frameworks",
					"@loader_path/Frameworks",
				);
				PRODUCT_BUNDLE_IDENTIFIER = "hanykaram.Photos-ChallengeTests";
				PRODUCT_NAME = "$(TARGET_NAME)";
				SWIFT_VERSION = 5.0;
				TARGETED_DEVICE_FAMILY = "1,2";
				TEST_HOST = "$(BUILT_PRODUCTS_DIR)/Photos_Challenge.app/Photos_Challenge";
			};
			name = Debug;
		};
		D72EA9E228341BB200193E0D /* Release */ = {
			isa = XCBuildConfiguration;
			buildSettings = {
				ALWAYS_EMBED_SWIFT_STANDARD_LIBRARIES = YES;
				BUNDLE_LOADER = "$(TEST_HOST)";
				CODE_SIGN_STYLE = Automatic;
				DEVELOPMENT_TEAM = SB6MTB7YS3;
				INFOPLIST_FILE = Photos_ChallengeTests/Info.plist;
				IPHONEOS_DEPLOYMENT_TARGET = 14.4;
				LD_RUNPATH_SEARCH_PATHS = (
					"$(inherited)",
					"@executable_path/Frameworks",
					"@loader_path/Frameworks",
				);
				PRODUCT_BUNDLE_IDENTIFIER = "hanykaram.Photos-ChallengeTests";
				PRODUCT_NAME = "$(TARGET_NAME)";
				SWIFT_VERSION = 5.0;
				TARGETED_DEVICE_FAMILY = "1,2";
				TEST_HOST = "$(BUILT_PRODUCTS_DIR)/Photos_Challenge.app/Photos_Challenge";
			};
			name = Release;
		};
		D72EA9E428341BB200193E0D /* Debug */ = {
			isa = XCBuildConfiguration;
			buildSettings = {
				ALWAYS_EMBED_SWIFT_STANDARD_LIBRARIES = YES;
				CODE_SIGN_STYLE = Automatic;
				DEVELOPMENT_TEAM = SB6MTB7YS3;
				INFOPLIST_FILE = Photos_ChallengeUITests/Info.plist;
				LD_RUNPATH_SEARCH_PATHS = (
					"$(inherited)",
					"@executable_path/Frameworks",
					"@loader_path/Frameworks",
				);
				PRODUCT_BUNDLE_IDENTIFIER = "hanykaram.Photos-ChallengeUITests";
				PRODUCT_NAME = "$(TARGET_NAME)";
				SWIFT_VERSION = 5.0;
				TARGETED_DEVICE_FAMILY = "1,2";
				TEST_TARGET_NAME = Photos_Challenge;
			};
			name = Debug;
		};
		D72EA9E528341BB200193E0D /* Release */ = {
			isa = XCBuildConfiguration;
			buildSettings = {
				ALWAYS_EMBED_SWIFT_STANDARD_LIBRARIES = YES;
				CODE_SIGN_STYLE = Automatic;
				DEVELOPMENT_TEAM = SB6MTB7YS3;
				INFOPLIST_FILE = Photos_ChallengeUITests/Info.plist;
				LD_RUNPATH_SEARCH_PATHS = (
					"$(inherited)",
					"@executable_path/Frameworks",
					"@loader_path/Frameworks",
				);
				PRODUCT_BUNDLE_IDENTIFIER = "hanykaram.Photos-ChallengeUITests";
				PRODUCT_NAME = "$(TARGET_NAME)";
				SWIFT_VERSION = 5.0;
				TARGETED_DEVICE_FAMILY = "1,2";
				TEST_TARGET_NAME = Photos_Challenge;
			};
			name = Release;
		};
/* End XCBuildConfiguration section */

/* Begin XCConfigurationList section */
		D72EA9AB28341BAF00193E0D /* Build configuration list for PBXProject "Photos_Challenge" */ = {
			isa = XCConfigurationList;
			buildConfigurations = (
				D72EA9DB28341BB200193E0D /* Debug */,
				D72EA9DC28341BB200193E0D /* Release */,
			);
			defaultConfigurationIsVisible = 0;
			defaultConfigurationName = Release;
		};
		D72EA9DD28341BB200193E0D /* Build configuration list for PBXNativeTarget "Photos_Challenge" */ = {
			isa = XCConfigurationList;
			buildConfigurations = (
				D72EA9DE28341BB200193E0D /* Debug */,
				D72EA9DF28341BB200193E0D /* Release */,
			);
			defaultConfigurationIsVisible = 0;
			defaultConfigurationName = Release;
		};
		D72EA9E028341BB200193E0D /* Build configuration list for PBXNativeTarget "Photos_ChallengeTests" */ = {
			isa = XCConfigurationList;
			buildConfigurations = (
				D72EA9E128341BB200193E0D /* Debug */,
				D72EA9E228341BB200193E0D /* Release */,
			);
			defaultConfigurationIsVisible = 0;
			defaultConfigurationName = Release;
		};
		D72EA9E328341BB200193E0D /* Build configuration list for PBXNativeTarget "Photos_ChallengeUITests" */ = {
			isa = XCConfigurationList;
			buildConfigurations = (
				D72EA9E428341BB200193E0D /* Debug */,
				D72EA9E528341BB200193E0D /* Release */,
			);
			defaultConfigurationIsVisible = 0;
			defaultConfigurationName = Release;
		};
/* End XCConfigurationList section */

/* Begin XCRemoteSwiftPackageReference section */
		D72EAA0E28341F7E00193E0D /* XCRemoteSwiftPackageReference "RxSwift" */ = {
			isa = XCRemoteSwiftPackageReference;
			repositoryURL = "https://github.com/ReactiveX/RxSwift";
			requirement = {
				kind = upToNextMajorVersion;
				minimumVersion = 6.5.0;
			};
		};
		D72EAA7D283431E000193E0D /* XCRemoteSwiftPackageReference "Swinject" */ = {
			isa = XCRemoteSwiftPackageReference;
			repositoryURL = "https://github.com/Swinject/Swinject";
			requirement = {
				kind = upToNextMajorVersion;
				minimumVersion = 2.8.1;
			};
		};
		D72EAA902834332C00193E0D /* XCRemoteSwiftPackageReference "SwinjectAutoregistration" */ = {
			isa = XCRemoteSwiftPackageReference;
			repositoryURL = "https://github.com/Swinject/SwinjectAutoregistration";
			requirement = {
				kind = upToNextMajorVersion;
				minimumVersion = 2.8.1;
			};
		};
		D732734F2838F74400D524BF /* XCRemoteSwiftPackageReference "Alamofire" */ = {
			isa = XCRemoteSwiftPackageReference;
			repositoryURL = "https://github.com/Alamofire/Alamofire";
			requirement = {
				kind = upToNextMajorVersion;
				minimumVersion = 5.6.1;
			};
		};
/* End XCRemoteSwiftPackageReference section */

/* Begin XCSwiftPackageProductDependency section */
		D72EAA0F28341F7E00193E0D /* RxSwift */ = {
			isa = XCSwiftPackageProductDependency;
			package = D72EAA0E28341F7E00193E0D /* XCRemoteSwiftPackageReference "RxSwift" */;
			productName = RxSwift;
		};
		D72EAA1128341F7E00193E0D /* RxCocoa */ = {
			isa = XCSwiftPackageProductDependency;
			package = D72EAA0E28341F7E00193E0D /* XCRemoteSwiftPackageReference "RxSwift" */;
			productName = RxCocoa;
		};
		D72EAA1328341F7E00193E0D /* RxRelay */ = {
			isa = XCSwiftPackageProductDependency;
			package = D72EAA0E28341F7E00193E0D /* XCRemoteSwiftPackageReference "RxSwift" */;
			productName = RxRelay;
		};
		D72EAA7E283431E000193E0D /* Swinject */ = {
			isa = XCSwiftPackageProductDependency;
			package = D72EAA7D283431E000193E0D /* XCRemoteSwiftPackageReference "Swinject" */;
			productName = Swinject;
		};
		D72EAA912834332C00193E0D /* SwinjectAutoregistration */ = {
			isa = XCSwiftPackageProductDependency;
			package = D72EAA902834332C00193E0D /* XCRemoteSwiftPackageReference "SwinjectAutoregistration" */;
			productName = SwinjectAutoregistration;
		};
		D73273662838FBDE00D524BF /* Alamofire */ = {
			isa = XCSwiftPackageProductDependency;
			package = D732734F2838F74400D524BF /* XCRemoteSwiftPackageReference "Alamofire" */;
			productName = Alamofire;
		};
/* End XCSwiftPackageProductDependency section */

/* Begin XCVersionGroup section */
		D72EA9BC28341BAF00193E0D /* Photos.xcdatamodeld */ = {
			isa = XCVersionGroup;
			children = (
				D72EA9BD28341BAF00193E0D /* Photos_Challenge.xcdatamodel */,
			);
			currentVersion = D72EA9BD28341BAF00193E0D /* Photos_Challenge.xcdatamodel */;
			path = Photos.xcdatamodeld;
			sourceTree = "<group>";
			versionGroupType = wrapper.xcdatamodel;
		};
/* End XCVersionGroup section */
	};
	rootObject = D72EA9A828341BAF00193E0D /* Project object */;
}
